// !$*UTF8*$!
{
	archiveVersion = 1;
	classes = {
	};
	objectVersion = 50;
	objects = {

/* Begin PBXBuildFile section */
		0C0218D52517131100D90197 /* DetailExpandCell.swift in Sources */ = {isa = PBXBuildFile; fileRef = 0C0218D32517131100D90197 /* DetailExpandCell.swift */; };
		0C0218D62517131100D90197 /* DetailExpandCell.xib in Resources */ = {isa = PBXBuildFile; fileRef = 0C0218D42517131100D90197 /* DetailExpandCell.xib */; };
		0C0218D82517132100D90197 /* DetailExpandCellReactor.swift in Sources */ = {isa = PBXBuildFile; fileRef = 0C0218D72517132100D90197 /* DetailExpandCellReactor.swift */; };
		0C0218DB251723EF00D90197 /* InfomationType.swift in Sources */ = {isa = PBXBuildFile; fileRef = 0C0218DA251723EF00D90197 /* InfomationType.swift */; };
		0C060E762515E1EB00398D0D /* DetailDescCell.swift in Sources */ = {isa = PBXBuildFile; fileRef = 0C060E742515E1EB00398D0D /* DetailDescCell.swift */; };
		0C060E772515E1EB00398D0D /* DetailDescCell.xib in Resources */ = {isa = PBXBuildFile; fileRef = 0C060E752515E1EB00398D0D /* DetailDescCell.xib */; };
		0C060E792515E1FB00398D0D /* DetailDescCellReactor.swift in Sources */ = {isa = PBXBuildFile; fileRef = 0C060E782515E1FB00398D0D /* DetailDescCellReactor.swift */; };
		0C060E7B2515ECA800398D0D /* String+AttributeString.swift in Sources */ = {isa = PBXBuildFile; fileRef = 0C060E7A2515ECA800398D0D /* String+AttributeString.swift */; };
		0C22FAC125122A19001C9287 /* RecentSearchCell.swift in Sources */ = {isa = PBXBuildFile; fileRef = 0C22FAC025122A19001C9287 /* RecentSearchCell.swift */; };
		0C22FAC325122BCC001C9287 /* BaseTableViewCell.swift in Sources */ = {isa = PBXBuildFile; fileRef = 0C22FAC225122BCC001C9287 /* BaseTableViewCell.swift */; };
		0C22FAC525122BFC001C9287 /* RecentSearchCellReactor.swift in Sources */ = {isa = PBXBuildFile; fileRef = 0C22FAC425122BFC001C9287 /* RecentSearchCellReactor.swift */; };
		0C22FAC825123C4B001C9287 /* RecentSearchHeaderCell.swift in Sources */ = {isa = PBXBuildFile; fileRef = 0C22FAC725123C4B001C9287 /* RecentSearchHeaderCell.swift */; };
		0CA9E1CD251399CD00ACBAB7 /* AppDetailViewController.swift in Sources */ = {isa = PBXBuildFile; fileRef = 0CA9E1CC251399CD00ACBAB7 /* AppDetailViewController.swift */; };
		0CA9E1CF251399DD00ACBAB7 /* AppDetailViewReactor.swift in Sources */ = {isa = PBXBuildFile; fileRef = 0CA9E1CE251399DD00ACBAB7 /* AppDetailViewReactor.swift */; };
		0CA9E1D12513A17000ACBAB7 /* UITableView+Rx.swift in Sources */ = {isa = PBXBuildFile; fileRef = 0CA9E1D02513A17000ACBAB7 /* UITableView+Rx.swift */; };
		0CA9E1D32513A92400ACBAB7 /* Number+Extension.swift in Sources */ = {isa = PBXBuildFile; fileRef = 0CA9E1D22513A92400ACBAB7 /* Number+Extension.swift */; };
		0CB063EC2514CD85000D31CC /* DetailPreviewCell.swift in Sources */ = {isa = PBXBuildFile; fileRef = 0CB063EA2514CD85000D31CC /* DetailPreviewCell.swift */; };
		0CB063ED2514CD85000D31CC /* DetailPreviewCell.xib in Resources */ = {isa = PBXBuildFile; fileRef = 0CB063EB2514CD85000D31CC /* DetailPreviewCell.xib */; };
		0CB063EF2514CDA9000D31CC /* DetailPreviewCellReactor.swift in Sources */ = {isa = PBXBuildFile; fileRef = 0CB063EE2514CDA9000D31CC /* DetailPreviewCellReactor.swift */; };
		0CB063F12514D3D6000D31CC /* BaseCollectionViewCell.swift in Sources */ = {isa = PBXBuildFile; fileRef = 0CB063F02514D3D6000D31CC /* BaseCollectionViewCell.swift */; };
		0CCBE04C2514DDCB00FB5409 /* DetailPreviewCollectionCell.swift in Sources */ = {isa = PBXBuildFile; fileRef = 0CCBE04A2514DDCB00FB5409 /* DetailPreviewCollectionCell.swift */; };
		0CCBE04D2514DDCB00FB5409 /* DetailPreviewCollectionCell.xib in Resources */ = {isa = PBXBuildFile; fileRef = 0CCBE04B2514DDCB00FB5409 /* DetailPreviewCollectionCell.xib */; };
		0CCBE04F2514DDE100FB5409 /* DetailPreviewCollectionCellReactor.swift in Sources */ = {isa = PBXBuildFile; fileRef = 0CCBE04E2514DDE100FB5409 /* DetailPreviewCollectionCellReactor.swift */; };
		0CCBE0512514E00000FB5409 /* AppDetailPreviewSection.swift in Sources */ = {isa = PBXBuildFile; fileRef = 0CCBE0502514E00000FB5409 /* AppDetailPreviewSection.swift */; };
		1FDFB69F2B12569344F4FE4F /* libPods-AppStoreSearch.a in Frameworks */ = {isa = PBXBuildFile; fileRef = 43E9F0D5C5C6050DBF51A408 /* libPods-AppStoreSearch.a */; };
		D3054BB2251204D7000AEE7F /* SearchViewController.swift in Sources */ = {isa = PBXBuildFile; fileRef = D3054BB1251204D7000AEE7F /* SearchViewController.swift */; };
		D3054BB425120BC6000AEE7F /* BaseViewController.swift in Sources */ = {isa = PBXBuildFile; fileRef = D3054BB325120BC6000AEE7F /* BaseViewController.swift */; };
		D3054BB625120CB0000AEE7F /* SearchViewReactor.swift in Sources */ = {isa = PBXBuildFile; fileRef = D3054BB525120CB0000AEE7F /* SearchViewReactor.swift */; };
		D3054BBE2512159E000AEE7F /* RecentSearchModel.swift in Sources */ = {isa = PBXBuildFile; fileRef = D3054BBD2512159E000AEE7F /* RecentSearchModel.swift */; };
		D3054BC1251216AD000AEE7F /* RecentSearchSection.swift in Sources */ = {isa = PBXBuildFile; fileRef = D3054BC0251216AD000AEE7F /* RecentSearchSection.swift */; };
		D31DCADD2511FE71006DA08E /* AppDelegate.swift in Sources */ = {isa = PBXBuildFile; fileRef = D31DCADC2511FE71006DA08E /* AppDelegate.swift */; };
		D31DCAE42511FE71006DA08E /* Main.storyboard in Resources */ = {isa = PBXBuildFile; fileRef = D31DCAE22511FE71006DA08E /* Main.storyboard */; };
		D31DCAE62511FE73006DA08E /* imageAsset.xcassets in Resources */ = {isa = PBXBuildFile; fileRef = D31DCAE52511FE73006DA08E /* imageAsset.xcassets */; };
		D31DCAE92511FE73006DA08E /* LaunchScreen.storyboard in Resources */ = {isa = PBXBuildFile; fileRef = D31DCAE72511FE73006DA08E /* LaunchScreen.storyboard */; };
		D36F57652512EE9E0099AEBD /* AppStoreAPI.swift in Sources */ = {isa = PBXBuildFile; fileRef = D36F57642512EE9E0099AEBD /* AppStoreAPI.swift */; };
		D36F57682512EF120099AEBD /* Network.swift in Sources */ = {isa = PBXBuildFile; fileRef = D36F57672512EF120099AEBD /* Network.swift */; };
		D36F576A2512F49C0099AEBD /* APIType.swift in Sources */ = {isa = PBXBuildFile; fileRef = D36F57692512F49C0099AEBD /* APIType.swift */; };
		D36F576C2512F81B0099AEBD /* AppModel.swift in Sources */ = {isa = PBXBuildFile; fileRef = D36F576B2512F81B0099AEBD /* AppModel.swift */; };
		D36F576E25130B500099AEBD /* AppListCell.swift in Sources */ = {isa = PBXBuildFile; fileRef = D36F576D25130B500099AEBD /* AppListCell.swift */; };
		D36F577025130B580099AEBD /* AppListCellReactor.swift in Sources */ = {isa = PBXBuildFile; fileRef = D36F576F25130B580099AEBD /* AppListCellReactor.swift */; };
		D36F577425130D5F0099AEBD /* layer.masksToBounds.swift in Sources */ = {isa = PBXBuildFile; fileRef = D36F577325130D5F0099AEBD /* layer.masksToBounds.swift */; };
		D36F577625131FBE0099AEBD /* ImageLoader.swift in Sources */ = {isa = PBXBuildFile; fileRef = D36F577525131FBE0099AEBD /* ImageLoader.swift */; };
		D36F5778251336630099AEBD /* UIColor+Extension.swift in Sources */ = {isa = PBXBuildFile; fileRef = D36F5777251336630099AEBD /* UIColor+Extension.swift */; };
		D36F577A2513515F0099AEBD /* Array+SafeIndex.swift in Sources */ = {isa = PBXBuildFile; fileRef = D36F57792513515F0099AEBD /* Array+SafeIndex.swift */; };
		D38048DE2514401E00034654 /* AppDetailSection.swift in Sources */ = {isa = PBXBuildFile; fileRef = D38048DD2514401E00034654 /* AppDetailSection.swift */; };
		D38048E22514446600034654 /* DetailTopViewCellReactor.swift in Sources */ = {isa = PBXBuildFile; fileRef = D38048E12514446600034654 /* DetailTopViewCellReactor.swift */; };
		D38048E925146BC500034654 /* DetailTopViewCell.swift in Sources */ = {isa = PBXBuildFile; fileRef = D38048E725146BC500034654 /* DetailTopViewCell.swift */; };
		D38048EA25146BC500034654 /* DetailTopViewCell.xib in Resources */ = {isa = PBXBuildFile; fileRef = D38048E825146BC500034654 /* DetailTopViewCell.xib */; };
		D38048EC25146F0700034654 /* ReuseCell.swift in Sources */ = {isa = PBXBuildFile; fileRef = D38048EB25146F0700034654 /* ReuseCell.swift */; };
		D38048EF251486D400034654 /* DetailWhatsNewCell.swift in Sources */ = {isa = PBXBuildFile; fileRef = D38048ED251486D400034654 /* DetailWhatsNewCell.swift */; };
		D38048F0251486D400034654 /* DetailWhatsNewCell.xib in Resources */ = {isa = PBXBuildFile; fileRef = D38048EE251486D400034654 /* DetailWhatsNewCell.xib */; };
		D38048F2251486E100034654 /* DetailWhatsNewCellReactor.swift in Sources */ = {isa = PBXBuildFile; fileRef = D38048F1251486E100034654 /* DetailWhatsNewCellReactor.swift */; };
		D38048F425148E9500034654 /* Date+Extension.swift in Sources */ = {isa = PBXBuildFile; fileRef = D38048F325148E9500034654 /* Date+Extension.swift */; };
/* End PBXBuildFile section */

/* Begin PBXFileReference section */
		0C0218D32517131100D90197 /* DetailExpandCell.swift */ = {isa = PBXFileReference; lastKnownFileType = sourcecode.swift; path = DetailExpandCell.swift; sourceTree = "<group>"; };
		0C0218D42517131100D90197 /* DetailExpandCell.xib */ = {isa = PBXFileReference; lastKnownFileType = file.xib; path = DetailExpandCell.xib; sourceTree = "<group>"; };
		0C0218D72517132100D90197 /* DetailExpandCellReactor.swift */ = {isa = PBXFileReference; lastKnownFileType = sourcecode.swift; path = DetailExpandCellReactor.swift; sourceTree = "<group>"; };
		0C0218DA251723EF00D90197 /* InfomationType.swift */ = {isa = PBXFileReference; lastKnownFileType = sourcecode.swift; path = InfomationType.swift; sourceTree = "<group>"; };
		0C060E742515E1EB00398D0D /* DetailDescCell.swift */ = {isa = PBXFileReference; lastKnownFileType = sourcecode.swift; path = DetailDescCell.swift; sourceTree = "<group>"; };
		0C060E752515E1EB00398D0D /* DetailDescCell.xib */ = {isa = PBXFileReference; lastKnownFileType = file.xib; path = DetailDescCell.xib; sourceTree = "<group>"; };
		0C060E782515E1FB00398D0D /* DetailDescCellReactor.swift */ = {isa = PBXFileReference; lastKnownFileType = sourcecode.swift; path = DetailDescCellReactor.swift; sourceTree = "<group>"; };
		0C060E7A2515ECA800398D0D /* String+AttributeString.swift */ = {isa = PBXFileReference; lastKnownFileType = sourcecode.swift; path = "String+AttributeString.swift"; sourceTree = "<group>"; };
		0C22FAC025122A19001C9287 /* RecentSearchCell.swift */ = {isa = PBXFileReference; lastKnownFileType = sourcecode.swift; path = RecentSearchCell.swift; sourceTree = "<group>"; };
		0C22FAC225122BCC001C9287 /* BaseTableViewCell.swift */ = {isa = PBXFileReference; lastKnownFileType = sourcecode.swift; path = BaseTableViewCell.swift; sourceTree = "<group>"; };
		0C22FAC425122BFC001C9287 /* RecentSearchCellReactor.swift */ = {isa = PBXFileReference; lastKnownFileType = sourcecode.swift; path = RecentSearchCellReactor.swift; sourceTree = "<group>"; };
		0C22FAC725123C4B001C9287 /* RecentSearchHeaderCell.swift */ = {isa = PBXFileReference; fileEncoding = 4; lastKnownFileType = sourcecode.swift; path = RecentSearchHeaderCell.swift; sourceTree = "<group>"; };
		0CA9E1CC251399CD00ACBAB7 /* AppDetailViewController.swift */ = {isa = PBXFileReference; lastKnownFileType = sourcecode.swift; path = AppDetailViewController.swift; sourceTree = "<group>"; };
		0CA9E1CE251399DD00ACBAB7 /* AppDetailViewReactor.swift */ = {isa = PBXFileReference; lastKnownFileType = sourcecode.swift; path = AppDetailViewReactor.swift; sourceTree = "<group>"; };
		0CA9E1D02513A17000ACBAB7 /* UITableView+Rx.swift */ = {isa = PBXFileReference; lastKnownFileType = sourcecode.swift; path = "UITableView+Rx.swift"; sourceTree = "<group>"; };
		0CA9E1D22513A92400ACBAB7 /* Number+Extension.swift */ = {isa = PBXFileReference; lastKnownFileType = sourcecode.swift; path = "Number+Extension.swift"; sourceTree = "<group>"; };
		0CB063EA2514CD85000D31CC /* DetailPreviewCell.swift */ = {isa = PBXFileReference; lastKnownFileType = sourcecode.swift; path = DetailPreviewCell.swift; sourceTree = "<group>"; };
		0CB063EB2514CD85000D31CC /* DetailPreviewCell.xib */ = {isa = PBXFileReference; lastKnownFileType = file.xib; path = DetailPreviewCell.xib; sourceTree = "<group>"; };
		0CB063EE2514CDA9000D31CC /* DetailPreviewCellReactor.swift */ = {isa = PBXFileReference; lastKnownFileType = sourcecode.swift; path = DetailPreviewCellReactor.swift; sourceTree = "<group>"; };
		0CB063F02514D3D6000D31CC /* BaseCollectionViewCell.swift */ = {isa = PBXFileReference; lastKnownFileType = sourcecode.swift; path = BaseCollectionViewCell.swift; sourceTree = "<group>"; };
		0CCBE04A2514DDCB00FB5409 /* DetailPreviewCollectionCell.swift */ = {isa = PBXFileReference; lastKnownFileType = sourcecode.swift; path = DetailPreviewCollectionCell.swift; sourceTree = "<group>"; };
		0CCBE04B2514DDCB00FB5409 /* DetailPreviewCollectionCell.xib */ = {isa = PBXFileReference; lastKnownFileType = file.xib; path = DetailPreviewCollectionCell.xib; sourceTree = "<group>"; };
		0CCBE04E2514DDE100FB5409 /* DetailPreviewCollectionCellReactor.swift */ = {isa = PBXFileReference; lastKnownFileType = sourcecode.swift; path = DetailPreviewCollectionCellReactor.swift; sourceTree = "<group>"; };
		0CCBE0502514E00000FB5409 /* AppDetailPreviewSection.swift */ = {isa = PBXFileReference; lastKnownFileType = sourcecode.swift; path = AppDetailPreviewSection.swift; sourceTree = "<group>"; };
		43E9F0D5C5C6050DBF51A408 /* libPods-AppStoreSearch.a */ = {isa = PBXFileReference; explicitFileType = archive.ar; includeInIndex = 0; path = "libPods-AppStoreSearch.a"; sourceTree = BUILT_PRODUCTS_DIR; };
		5714AAAD1589F4E34A5FCDCE /* Pods-AppStoreSearch.release.xcconfig */ = {isa = PBXFileReference; includeInIndex = 1; lastKnownFileType = text.xcconfig; name = "Pods-AppStoreSearch.release.xcconfig"; path = "Target Support Files/Pods-AppStoreSearch/Pods-AppStoreSearch.release.xcconfig"; sourceTree = "<group>"; };
		9B17762637AB78BE7E8C29B6 /* Pods-AppStoreSearch.debug.xcconfig */ = {isa = PBXFileReference; includeInIndex = 1; lastKnownFileType = text.xcconfig; name = "Pods-AppStoreSearch.debug.xcconfig"; path = "Target Support Files/Pods-AppStoreSearch/Pods-AppStoreSearch.debug.xcconfig"; sourceTree = "<group>"; };
		D3054BB1251204D7000AEE7F /* SearchViewController.swift */ = {isa = PBXFileReference; lastKnownFileType = sourcecode.swift; path = SearchViewController.swift; sourceTree = "<group>"; };
		D3054BB325120BC6000AEE7F /* BaseViewController.swift */ = {isa = PBXFileReference; lastKnownFileType = sourcecode.swift; path = BaseViewController.swift; sourceTree = "<group>"; };
		D3054BB525120CB0000AEE7F /* SearchViewReactor.swift */ = {isa = PBXFileReference; lastKnownFileType = sourcecode.swift; path = SearchViewReactor.swift; sourceTree = "<group>"; };
		D3054BB725120F4A000AEE7F /* AppStoreSearch-Bridging-Header.h */ = {isa = PBXFileReference; lastKnownFileType = sourcecode.c.h; path = "AppStoreSearch-Bridging-Header.h"; sourceTree = "<group>"; };
		D3054BBD2512159E000AEE7F /* RecentSearchModel.swift */ = {isa = PBXFileReference; lastKnownFileType = sourcecode.swift; path = RecentSearchModel.swift; sourceTree = "<group>"; };
		D3054BC0251216AD000AEE7F /* RecentSearchSection.swift */ = {isa = PBXFileReference; lastKnownFileType = sourcecode.swift; path = RecentSearchSection.swift; sourceTree = "<group>"; };
		D31DCAD92511FE71006DA08E /* AppStoreSearch.app */ = {isa = PBXFileReference; explicitFileType = wrapper.application; includeInIndex = 0; path = AppStoreSearch.app; sourceTree = BUILT_PRODUCTS_DIR; };
		D31DCADC2511FE71006DA08E /* AppDelegate.swift */ = {isa = PBXFileReference; lastKnownFileType = sourcecode.swift; path = AppDelegate.swift; sourceTree = "<group>"; };
		D31DCAE32511FE71006DA08E /* Base */ = {isa = PBXFileReference; lastKnownFileType = file.storyboard; name = Base; path = Base.lproj/Main.storyboard; sourceTree = "<group>"; };
		D31DCAE52511FE73006DA08E /* imageAsset.xcassets */ = {isa = PBXFileReference; lastKnownFileType = folder.assetcatalog; path = imageAsset.xcassets; sourceTree = "<group>"; };
		D31DCAE82511FE73006DA08E /* Base */ = {isa = PBXFileReference; lastKnownFileType = file.storyboard; name = Base; path = Base.lproj/LaunchScreen.storyboard; sourceTree = "<group>"; };
		D31DCAEA2511FE73006DA08E /* Info.plist */ = {isa = PBXFileReference; lastKnownFileType = text.plist.xml; path = Info.plist; sourceTree = "<group>"; };
		D36F57642512EE9E0099AEBD /* AppStoreAPI.swift */ = {isa = PBXFileReference; lastKnownFileType = sourcecode.swift; path = AppStoreAPI.swift; sourceTree = "<group>"; };
		D36F57672512EF120099AEBD /* Network.swift */ = {isa = PBXFileReference; fileEncoding = 4; lastKnownFileType = sourcecode.swift; path = Network.swift; sourceTree = "<group>"; };
		D36F57692512F49C0099AEBD /* APIType.swift */ = {isa = PBXFileReference; lastKnownFileType = sourcecode.swift; path = APIType.swift; sourceTree = "<group>"; };
		D36F576B2512F81B0099AEBD /* AppModel.swift */ = {isa = PBXFileReference; lastKnownFileType = sourcecode.swift; path = AppModel.swift; sourceTree = "<group>"; };
		D36F576D25130B500099AEBD /* AppListCell.swift */ = {isa = PBXFileReference; lastKnownFileType = sourcecode.swift; path = AppListCell.swift; sourceTree = "<group>"; };
		D36F576F25130B580099AEBD /* AppListCellReactor.swift */ = {isa = PBXFileReference; lastKnownFileType = sourcecode.swift; path = AppListCellReactor.swift; sourceTree = "<group>"; };
		D36F577325130D5F0099AEBD /* layer.masksToBounds.swift */ = {isa = PBXFileReference; lastKnownFileType = sourcecode.swift; path = layer.masksToBounds.swift; sourceTree = "<group>"; };
		D36F577525131FBE0099AEBD /* ImageLoader.swift */ = {isa = PBXFileReference; lastKnownFileType = sourcecode.swift; path = ImageLoader.swift; sourceTree = "<group>"; };
		D36F5777251336630099AEBD /* UIColor+Extension.swift */ = {isa = PBXFileReference; lastKnownFileType = sourcecode.swift; path = "UIColor+Extension.swift"; sourceTree = "<group>"; };
		D36F57792513515F0099AEBD /* Array+SafeIndex.swift */ = {isa = PBXFileReference; lastKnownFileType = sourcecode.swift; path = "Array+SafeIndex.swift"; sourceTree = "<group>"; };
		D38048DD2514401E00034654 /* AppDetailSection.swift */ = {isa = PBXFileReference; lastKnownFileType = sourcecode.swift; path = AppDetailSection.swift; sourceTree = "<group>"; };
		D38048E12514446600034654 /* DetailTopViewCellReactor.swift */ = {isa = PBXFileReference; lastKnownFileType = sourcecode.swift; path = DetailTopViewCellReactor.swift; sourceTree = "<group>"; };
		D38048E725146BC500034654 /* DetailTopViewCell.swift */ = {isa = PBXFileReference; lastKnownFileType = sourcecode.swift; path = DetailTopViewCell.swift; sourceTree = "<group>"; };
		D38048E825146BC500034654 /* DetailTopViewCell.xib */ = {isa = PBXFileReference; lastKnownFileType = file.xib; path = DetailTopViewCell.xib; sourceTree = "<group>"; };
		D38048EB25146F0700034654 /* ReuseCell.swift */ = {isa = PBXFileReference; fileEncoding = 4; lastKnownFileType = sourcecode.swift; path = ReuseCell.swift; sourceTree = "<group>"; };
		D38048ED251486D400034654 /* DetailWhatsNewCell.swift */ = {isa = PBXFileReference; lastKnownFileType = sourcecode.swift; path = DetailWhatsNewCell.swift; sourceTree = "<group>"; };
		D38048EE251486D400034654 /* DetailWhatsNewCell.xib */ = {isa = PBXFileReference; lastKnownFileType = file.xib; path = DetailWhatsNewCell.xib; sourceTree = "<group>"; };
		D38048F1251486E100034654 /* DetailWhatsNewCellReactor.swift */ = {isa = PBXFileReference; lastKnownFileType = sourcecode.swift; path = DetailWhatsNewCellReactor.swift; sourceTree = "<group>"; };
		D38048F325148E9500034654 /* Date+Extension.swift */ = {isa = PBXFileReference; lastKnownFileType = sourcecode.swift; path = "Date+Extension.swift"; sourceTree = "<group>"; };
/* End PBXFileReference section */

/* Begin PBXFrameworksBuildPhase section */
		D31DCAD62511FE71006DA08E /* Frameworks */ = {
			isa = PBXFrameworksBuildPhase;
			buildActionMask = 2147483647;
			files = (
				1FDFB69F2B12569344F4FE4F /* libPods-AppStoreSearch.a in Frameworks */,
			);
			runOnlyForDeploymentPostprocessing = 0;
		};
/* End PBXFrameworksBuildPhase section */

/* Begin PBXGroup section */
		0C0218D9251723CE00D90197 /* Type */ = {
			isa = PBXGroup;
			children = (
				0C0218DA251723EF00D90197 /* InfomationType.swift */,
			);
			path = Type;
			sourceTree = "<group>";
		};
		0C22FABF251229FD001C9287 /* View */ = {
			isa = PBXGroup;
			children = (
				0C22FAC225122BCC001C9287 /* BaseTableViewCell.swift */,
				0CB063F02514D3D6000D31CC /* BaseCollectionViewCell.swift */,
				0CB063E92514CBD6000D31CC /* SearchCell */,
				D38048DC25143DD800034654 /* AppDetailCell */,
			);
			path = View;
			sourceTree = "<group>";
		};
		0CB063E92514CBD6000D31CC /* SearchCell */ = {
			isa = PBXGroup;
			children = (
				0C22FAC025122A19001C9287 /* RecentSearchCell.swift */,
				0C22FAC425122BFC001C9287 /* RecentSearchCellReactor.swift */,
				0C22FAC725123C4B001C9287 /* RecentSearchHeaderCell.swift */,
				D36F576D25130B500099AEBD /* AppListCell.swift */,
				D36F576F25130B580099AEBD /* AppListCellReactor.swift */,
			);
			path = SearchCell;
			sourceTree = "<group>";
		};
		62DF212D85E0C3B0CFF3357D /* Frameworks */ = {
			isa = PBXGroup;
			children = (
				43E9F0D5C5C6050DBF51A408 /* libPods-AppStoreSearch.a */,
			);
			name = Frameworks;
			sourceTree = "<group>";
		};
		A57A89FBB0C09AB5B6058BD1 /* Pods */ = {
			isa = PBXGroup;
			children = (
				9B17762637AB78BE7E8C29B6 /* Pods-AppStoreSearch.debug.xcconfig */,
				5714AAAD1589F4E34A5FCDCE /* Pods-AppStoreSearch.release.xcconfig */,
			);
			path = Pods;
			sourceTree = "<group>";
		};
		D3054BBB251210B8000AEE7F /* Model */ = {
			isa = PBXGroup;
			children = (
				D3054BBD2512159E000AEE7F /* RecentSearchModel.swift */,
				D36F576B2512F81B0099AEBD /* AppModel.swift */,
			);
			path = Model;
			sourceTree = "<group>";
		};
		D3054BBC251210BD000AEE7F /* Networking */ = {
			isa = PBXGroup;
			children = (
				D36F57662512EECA0099AEBD /* APIs */,
				D36F57692512F49C0099AEBD /* APIType.swift */,
				D36F57672512EF120099AEBD /* Network.swift */,
				D36F577525131FBE0099AEBD /* ImageLoader.swift */,
			);
			path = Networking;
			sourceTree = "<group>";
		};
		D3054BBF2512166B000AEE7F /* Sections */ = {
			isa = PBXGroup;
			children = (
				D3054BC0251216AD000AEE7F /* RecentSearchSection.swift */,
				D38048DD2514401E00034654 /* AppDetailSection.swift */,
				0CCBE0502514E00000FB5409 /* AppDetailPreviewSection.swift */,
			);
			path = Sections;
			sourceTree = "<group>";
		};
		D31DCAD02511FE71006DA08E = {
			isa = PBXGroup;
			children = (
				D31DCADB2511FE71006DA08E /* AppStoreSearch */,
				D31DCADA2511FE71006DA08E /* Products */,
				A57A89FBB0C09AB5B6058BD1 /* Pods */,
				62DF212D85E0C3B0CFF3357D /* Frameworks */,
			);
			sourceTree = "<group>";
		};
		D31DCADA2511FE71006DA08E /* Products */ = {
			isa = PBXGroup;
			children = (
				D31DCAD92511FE71006DA08E /* AppStoreSearch.app */,
			);
			name = Products;
			sourceTree = "<group>";
		};
		D31DCADB2511FE71006DA08E /* AppStoreSearch */ = {
			isa = PBXGroup;
			children = (
				D36F577225130D4C0099AEBD /* Utilities */,
				D36F577125130CB50099AEBD /* Extensions */,
				0C22FABF251229FD001C9287 /* View */,
				D3054BBF2512166B000AEE7F /* Sections */,
				D3054BBC251210BD000AEE7F /* Networking */,
				D3054BBB251210B8000AEE7F /* Model */,
				0C0218D9251723CE00D90197 /* Type */,
				D31DCAF02511FEC5006DA08E /* ViewControllers */,
				D31DCADC2511FE71006DA08E /* AppDelegate.swift */,
				D31DCAE22511FE71006DA08E /* Main.storyboard */,
				D31DCAE72511FE73006DA08E /* LaunchScreen.storyboard */,
				D31DCAE52511FE73006DA08E /* imageAsset.xcassets */,
				D31DCAEA2511FE73006DA08E /* Info.plist */,
				D3054BB725120F4A000AEE7F /* AppStoreSearch-Bridging-Header.h */,
			);
			path = AppStoreSearch;
			sourceTree = "<group>";
		};
		D31DCAF02511FEC5006DA08E /* ViewControllers */ = {
			isa = PBXGroup;
			children = (
				D3054BB325120BC6000AEE7F /* BaseViewController.swift */,
				D3054BB1251204D7000AEE7F /* SearchViewController.swift */,
				D3054BB525120CB0000AEE7F /* SearchViewReactor.swift */,
				0CA9E1CC251399CD00ACBAB7 /* AppDetailViewController.swift */,
				0CA9E1CE251399DD00ACBAB7 /* AppDetailViewReactor.swift */,
			);
			path = ViewControllers;
			sourceTree = "<group>";
		};
		D36F57662512EECA0099AEBD /* APIs */ = {
			isa = PBXGroup;
			children = (
				D36F57642512EE9E0099AEBD /* AppStoreAPI.swift */,
			);
			path = APIs;
			sourceTree = "<group>";
		};
		D36F577125130CB50099AEBD /* Extensions */ = {
			isa = PBXGroup;
			children = (
				D36F5777251336630099AEBD /* UIColor+Extension.swift */,
				D36F57792513515F0099AEBD /* Array+SafeIndex.swift */,
				0CA9E1D02513A17000ACBAB7 /* UITableView+Rx.swift */,
				0CA9E1D22513A92400ACBAB7 /* Number+Extension.swift */,
				D38048F325148E9500034654 /* Date+Extension.swift */,
				0C060E7A2515ECA800398D0D /* String+AttributeString.swift */,
			);
			path = Extensions;
			sourceTree = "<group>";
		};
		D36F577225130D4C0099AEBD /* Utilities */ = {
			isa = PBXGroup;
			children = (
				D38048EB25146F0700034654 /* ReuseCell.swift */,
				D36F577325130D5F0099AEBD /* layer.masksToBounds.swift */,
			);
			path = Utilities;
			sourceTree = "<group>";
		};
		D38048DC25143DD800034654 /* AppDetailCell */ = {
			isa = PBXGroup;
			children = (
				D38048E725146BC500034654 /* DetailTopViewCell.swift */,
				D38048E12514446600034654 /* DetailTopViewCellReactor.swift */,
				D38048E825146BC500034654 /* DetailTopViewCell.xib */,
				D38048ED251486D400034654 /* DetailWhatsNewCell.swift */,
				D38048F1251486E100034654 /* DetailWhatsNewCellReactor.swift */,
				D38048EE251486D400034654 /* DetailWhatsNewCell.xib */,
				0CB063EA2514CD85000D31CC /* DetailPreviewCell.swift */,
				0CB063EE2514CDA9000D31CC /* DetailPreviewCellReactor.swift */,
				0CB063EB2514CD85000D31CC /* DetailPreviewCell.xib */,
				0CCBE04A2514DDCB00FB5409 /* DetailPreviewCollectionCell.swift */,
				0CCBE04E2514DDE100FB5409 /* DetailPreviewCollectionCellReactor.swift */,
				0CCBE04B2514DDCB00FB5409 /* DetailPreviewCollectionCell.xib */,
				0C060E742515E1EB00398D0D /* DetailDescCell.swift */,
				0C060E782515E1FB00398D0D /* DetailDescCellReactor.swift */,
				0C060E752515E1EB00398D0D /* DetailDescCell.xib */,
				0C0218D32517131100D90197 /* DetailExpandCell.swift */,
				0C0218D72517132100D90197 /* DetailExpandCellReactor.swift */,
				0C0218D42517131100D90197 /* DetailExpandCell.xib */,
			);
			path = AppDetailCell;
			sourceTree = "<group>";
		};
/* End PBXGroup section */

/* Begin PBXNativeTarget section */
		D31DCAD82511FE71006DA08E /* AppStoreSearch */ = {
			isa = PBXNativeTarget;
			buildConfigurationList = D31DCAED2511FE73006DA08E /* Build configuration list for PBXNativeTarget "AppStoreSearch" */;
			buildPhases = (
				4F735757E464F0325D41FE28 /* [CP] Check Pods Manifest.lock */,
				D31DCAD52511FE71006DA08E /* Sources */,
				D31DCAD62511FE71006DA08E /* Frameworks */,
				D31DCAD72511FE71006DA08E /* Resources */,
			);
			buildRules = (
			);
			dependencies = (
			);
			name = AppStoreSearch;
			productName = AppStoreSearch;
			productReference = D31DCAD92511FE71006DA08E /* AppStoreSearch.app */;
			productType = "com.apple.product-type.application";
		};
/* End PBXNativeTarget section */

/* Begin PBXProject section */
		D31DCAD12511FE71006DA08E /* Project object */ = {
			isa = PBXProject;
			attributes = {
				LastSwiftUpdateCheck = 1170;
				LastUpgradeCheck = 1170;
				ORGANIZATIONNAME = "Ickhwan Ryu";
				TargetAttributes = {
					D31DCAD82511FE71006DA08E = {
						CreatedOnToolsVersion = 11.7;
						LastSwiftMigration = 1170;
					};
				};
			};
			buildConfigurationList = D31DCAD42511FE71006DA08E /* Build configuration list for PBXProject "AppStoreSearch" */;
			compatibilityVersion = "Xcode 9.3";
			developmentRegion = en;
			hasScannedForEncodings = 0;
			knownRegions = (
				en,
				Base,
			);
			mainGroup = D31DCAD02511FE71006DA08E;
			productRefGroup = D31DCADA2511FE71006DA08E /* Products */;
			projectDirPath = "";
			projectRoot = "";
			targets = (
				D31DCAD82511FE71006DA08E /* AppStoreSearch */,
			);
		};
/* End PBXProject section */

/* Begin PBXResourcesBuildPhase section */
		D31DCAD72511FE71006DA08E /* Resources */ = {
			isa = PBXResourcesBuildPhase;
			buildActionMask = 2147483647;
			files = (
				D31DCAE92511FE73006DA08E /* LaunchScreen.storyboard in Resources */,
				D31DCAE62511FE73006DA08E /* imageAsset.xcassets in Resources */,
				D31DCAE42511FE71006DA08E /* Main.storyboard in Resources */,
				D38048EA25146BC500034654 /* DetailTopViewCell.xib in Resources */,
				0CCBE04D2514DDCB00FB5409 /* DetailPreviewCollectionCell.xib in Resources */,
				0C060E772515E1EB00398D0D /* DetailDescCell.xib in Resources */,
				0C0218D62517131100D90197 /* DetailExpandCell.xib in Resources */,
				D38048F0251486D400034654 /* DetailWhatsNewCell.xib in Resources */,
				0CB063ED2514CD85000D31CC /* DetailPreviewCell.xib in Resources */,
			);
			runOnlyForDeploymentPostprocessing = 0;
		};
/* End PBXResourcesBuildPhase section */

/* Begin PBXShellScriptBuildPhase section */
		4F735757E464F0325D41FE28 /* [CP] Check Pods Manifest.lock */ = {
			isa = PBXShellScriptBuildPhase;
			buildActionMask = 2147483647;
			files = (
			);
			inputFileListPaths = (
			);
			inputPaths = (
				"${PODS_PODFILE_DIR_PATH}/Podfile.lock",
				"${PODS_ROOT}/Manifest.lock",
			);
			name = "[CP] Check Pods Manifest.lock";
			outputFileListPaths = (
			);
			outputPaths = (
				"$(DERIVED_FILE_DIR)/Pods-AppStoreSearch-checkManifestLockResult.txt",
			);
			runOnlyForDeploymentPostprocessing = 0;
			shellPath = /bin/sh;
			shellScript = "diff \"${PODS_PODFILE_DIR_PATH}/Podfile.lock\" \"${PODS_ROOT}/Manifest.lock\" > /dev/null\nif [ $? != 0 ] ; then\n    # print error to STDERR\n    echo \"error: The sandbox is not in sync with the Podfile.lock. Run 'pod install' or update your CocoaPods installation.\" >&2\n    exit 1\nfi\n# This output is used by Xcode 'outputs' to avoid re-running this script phase.\necho \"SUCCESS\" > \"${SCRIPT_OUTPUT_FILE_0}\"\n";
			showEnvVarsInLog = 0;
		};
/* End PBXShellScriptBuildPhase section */

/* Begin PBXSourcesBuildPhase section */
		D31DCAD52511FE71006DA08E /* Sources */ = {
			isa = PBXSourcesBuildPhase;
			buildActionMask = 2147483647;
			files = (
				D38048DE2514401E00034654 /* AppDetailSection.swift in Sources */,
				0C0218D52517131100D90197 /* DetailExpandCell.swift in Sources */,
				D36F577025130B580099AEBD /* AppListCellReactor.swift in Sources */,
				D38048F2251486E100034654 /* DetailWhatsNewCellReactor.swift in Sources */,
				0CCBE04F2514DDE100FB5409 /* DetailPreviewCollectionCellReactor.swift in Sources */,
				D38048EC25146F0700034654 /* ReuseCell.swift in Sources */,
				D36F5778251336630099AEBD /* UIColor+Extension.swift in Sources */,
				D36F576A2512F49C0099AEBD /* APIType.swift in Sources */,
				D36F576E25130B500099AEBD /* AppListCell.swift in Sources */,
				0CB063F12514D3D6000D31CC /* BaseCollectionViewCell.swift in Sources */,
				0CB063EC2514CD85000D31CC /* DetailPreviewCell.swift in Sources */,
				0C22FAC525122BFC001C9287 /* RecentSearchCellReactor.swift in Sources */,
				0C22FAC325122BCC001C9287 /* BaseTableViewCell.swift in Sources */,
				0C060E7B2515ECA800398D0D /* String+AttributeString.swift in Sources */,
				D36F57682512EF120099AEBD /* Network.swift in Sources */,
				0CCBE0512514E00000FB5409 /* AppDetailPreviewSection.swift in Sources */,
				D3054BB2251204D7000AEE7F /* SearchViewController.swift in Sources */,
				D38048EF251486D400034654 /* DetailWhatsNewCell.swift in Sources */,
				D36F577425130D5F0099AEBD /* layer.masksToBounds.swift in Sources */,
				0C0218DB251723EF00D90197 /* InfomationType.swift in Sources */,
				D38048F425148E9500034654 /* Date+Extension.swift in Sources */,
				0CA9E1D32513A92400ACBAB7 /* Number+Extension.swift in Sources */,
				0C060E762515E1EB00398D0D /* DetailDescCell.swift in Sources */,
				0C060E792515E1FB00398D0D /* DetailDescCellReactor.swift in Sources */,
				0C22FAC125122A19001C9287 /* RecentSearchCell.swift in Sources */,
				D3054BB425120BC6000AEE7F /* BaseViewController.swift in Sources */,
				D36F576C2512F81B0099AEBD /* AppModel.swift in Sources */,
				D3054BC1251216AD000AEE7F /* RecentSearchSection.swift in Sources */,
				0CA9E1D12513A17000ACBAB7 /* UITableView+Rx.swift in Sources */,
				D3054BBE2512159E000AEE7F /* RecentSearchModel.swift in Sources */,
				0CCBE04C2514DDCB00FB5409 /* DetailPreviewCollectionCell.swift in Sources */,
				D36F57652512EE9E0099AEBD /* AppStoreAPI.swift in Sources */,
				D36F577625131FBE0099AEBD /* ImageLoader.swift in Sources */,
				D38048E22514446600034654 /* DetailTopViewCellReactor.swift in Sources */,
				0C0218D82517132100D90197 /* DetailExpandCellReactor.swift in Sources */,
				0C22FAC825123C4B001C9287 /* RecentSearchHeaderCell.swift in Sources */,
				D36F577A2513515F0099AEBD /* Array+SafeIndex.swift in Sources */,
				0CA9E1CF251399DD00ACBAB7 /* AppDetailViewReactor.swift in Sources */,
				0CA9E1CD251399CD00ACBAB7 /* AppDetailViewController.swift in Sources */,
				D31DCADD2511FE71006DA08E /* AppDelegate.swift in Sources */,
				D3054BB625120CB0000AEE7F /* SearchViewReactor.swift in Sources */,
				D38048E925146BC500034654 /* DetailTopViewCell.swift in Sources */,
				0CB063EF2514CDA9000D31CC /* DetailPreviewCellReactor.swift in Sources */,
			);
			runOnlyForDeploymentPostprocessing = 0;
		};
/* End PBXSourcesBuildPhase section */

/* Begin PBXVariantGroup section */
		D31DCAE22511FE71006DA08E /* Main.storyboard */ = {
			isa = PBXVariantGroup;
			children = (
				D31DCAE32511FE71006DA08E /* Base */,
			);
			name = Main.storyboard;
			sourceTree = "<group>";
		};
		D31DCAE72511FE73006DA08E /* LaunchScreen.storyboard */ = {
			isa = PBXVariantGroup;
			children = (
				D31DCAE82511FE73006DA08E /* Base */,
			);
			name = LaunchScreen.storyboard;
			sourceTree = "<group>";
		};
/* End PBXVariantGroup section */

/* Begin XCBuildConfiguration section */
		D31DCAEB2511FE73006DA08E /* Debug */ = {
			isa = XCBuildConfiguration;
			buildSettings = {
				ALWAYS_SEARCH_USER_PATHS = NO;
				CLANG_ANALYZER_NONNULL = YES;
				CLANG_ANALYZER_NUMBER_OBJECT_CONVERSION = YES_AGGRESSIVE;
				CLANG_CXX_LANGUAGE_STANDARD = "gnu++14";
				CLANG_CXX_LIBRARY = "libc++";
				CLANG_ENABLE_MODULES = YES;
				CLANG_ENABLE_OBJC_ARC = YES;
				CLANG_ENABLE_OBJC_WEAK = YES;
				CLANG_WARN_BLOCK_CAPTURE_AUTORELEASING = YES;
				CLANG_WARN_BOOL_CONVERSION = YES;
				CLANG_WARN_COMMA = YES;
				CLANG_WARN_CONSTANT_CONVERSION = YES;
				CLANG_WARN_DEPRECATED_OBJC_IMPLEMENTATIONS = YES;
				CLANG_WARN_DIRECT_OBJC_ISA_USAGE = YES_ERROR;
				CLANG_WARN_DOCUMENTATION_COMMENTS = YES;
				CLANG_WARN_EMPTY_BODY = YES;
				CLANG_WARN_ENUM_CONVERSION = YES;
				CLANG_WARN_INFINITE_RECURSION = YES;
				CLANG_WARN_INT_CONVERSION = YES;
				CLANG_WARN_NON_LITERAL_NULL_CONVERSION = YES;
				CLANG_WARN_OBJC_IMPLICIT_RETAIN_SELF = YES;
				CLANG_WARN_OBJC_LITERAL_CONVERSION = YES;
				CLANG_WARN_OBJC_ROOT_CLASS = YES_ERROR;
				CLANG_WARN_RANGE_LOOP_ANALYSIS = YES;
				CLANG_WARN_STRICT_PROTOTYPES = YES;
				CLANG_WARN_SUSPICIOUS_MOVE = YES;
				CLANG_WARN_UNGUARDED_AVAILABILITY = YES_AGGRESSIVE;
				CLANG_WARN_UNREACHABLE_CODE = YES;
				CLANG_WARN__DUPLICATE_METHOD_MATCH = YES;
				COPY_PHASE_STRIP = NO;
				DEBUG_INFORMATION_FORMAT = dwarf;
				ENABLE_STRICT_OBJC_MSGSEND = YES;
				ENABLE_TESTABILITY = YES;
				GCC_C_LANGUAGE_STANDARD = gnu11;
				GCC_DYNAMIC_NO_PIC = NO;
				GCC_NO_COMMON_BLOCKS = YES;
				GCC_OPTIMIZATION_LEVEL = 0;
				GCC_PREPROCESSOR_DEFINITIONS = (
					"DEBUG=1",
					"$(inherited)",
				);
				GCC_WARN_64_TO_32_BIT_CONVERSION = YES;
				GCC_WARN_ABOUT_RETURN_TYPE = YES_ERROR;
				GCC_WARN_UNDECLARED_SELECTOR = YES;
				GCC_WARN_UNINITIALIZED_AUTOS = YES_AGGRESSIVE;
				GCC_WARN_UNUSED_FUNCTION = YES;
				GCC_WARN_UNUSED_VARIABLE = YES;
				IPHONEOS_DEPLOYMENT_TARGET = 13.7;
				MTL_ENABLE_DEBUG_INFO = INCLUDE_SOURCE;
				MTL_FAST_MATH = YES;
				ONLY_ACTIVE_ARCH = YES;
				SDKROOT = iphoneos;
				SWIFT_ACTIVE_COMPILATION_CONDITIONS = DEBUG;
				SWIFT_OPTIMIZATION_LEVEL = "-Onone";
			};
			name = Debug;
		};
		D31DCAEC2511FE73006DA08E /* Release */ = {
			isa = XCBuildConfiguration;
			buildSettings = {
				ALWAYS_SEARCH_USER_PATHS = NO;
				CLANG_ANALYZER_NONNULL = YES;
				CLANG_ANALYZER_NUMBER_OBJECT_CONVERSION = YES_AGGRESSIVE;
				CLANG_CXX_LANGUAGE_STANDARD = "gnu++14";
				CLANG_CXX_LIBRARY = "libc++";
				CLANG_ENABLE_MODULES = YES;
				CLANG_ENABLE_OBJC_ARC = YES;
				CLANG_ENABLE_OBJC_WEAK = YES;
				CLANG_WARN_BLOCK_CAPTURE_AUTORELEASING = YES;
				CLANG_WARN_BOOL_CONVERSION = YES;
				CLANG_WARN_COMMA = YES;
				CLANG_WARN_CONSTANT_CONVERSION = YES;
				CLANG_WARN_DEPRECATED_OBJC_IMPLEMENTATIONS = YES;
				CLANG_WARN_DIRECT_OBJC_ISA_USAGE = YES_ERROR;
				CLANG_WARN_DOCUMENTATION_COMMENTS = YES;
				CLANG_WARN_EMPTY_BODY = YES;
				CLANG_WARN_ENUM_CONVERSION = YES;
				CLANG_WARN_INFINITE_RECURSION = YES;
				CLANG_WARN_INT_CONVERSION = YES;
				CLANG_WARN_NON_LITERAL_NULL_CONVERSION = YES;
				CLANG_WARN_OBJC_IMPLICIT_RETAIN_SELF = YES;
				CLANG_WARN_OBJC_LITERAL_CONVERSION = YES;
				CLANG_WARN_OBJC_ROOT_CLASS = YES_ERROR;
				CLANG_WARN_RANGE_LOOP_ANALYSIS = YES;
				CLANG_WARN_STRICT_PROTOTYPES = YES;
				CLANG_WARN_SUSPICIOUS_MOVE = YES;
				CLANG_WARN_UNGUARDED_AVAILABILITY = YES_AGGRESSIVE;
				CLANG_WARN_UNREACHABLE_CODE = YES;
				CLANG_WARN__DUPLICATE_METHOD_MATCH = YES;
				COPY_PHASE_STRIP = NO;
				DEBUG_INFORMATION_FORMAT = "dwarf-with-dsym";
				ENABLE_NS_ASSERTIONS = NO;
				ENABLE_STRICT_OBJC_MSGSEND = YES;
				GCC_C_LANGUAGE_STANDARD = gnu11;
				GCC_NO_COMMON_BLOCKS = YES;
				GCC_WARN_64_TO_32_BIT_CONVERSION = YES;
				GCC_WARN_ABOUT_RETURN_TYPE = YES_ERROR;
				GCC_WARN_UNDECLARED_SELECTOR = YES;
				GCC_WARN_UNINITIALIZED_AUTOS = YES_AGGRESSIVE;
				GCC_WARN_UNUSED_FUNCTION = YES;
				GCC_WARN_UNUSED_VARIABLE = YES;
				IPHONEOS_DEPLOYMENT_TARGET = 13.7;
				MTL_ENABLE_DEBUG_INFO = NO;
				MTL_FAST_MATH = YES;
				SDKROOT = iphoneos;
				SWIFT_COMPILATION_MODE = wholemodule;
				SWIFT_OPTIMIZATION_LEVEL = "-O";
				VALIDATE_PRODUCT = YES;
			};
			name = Release;
		};
		D31DCAEE2511FE73006DA08E /* Debug */ = {
			isa = XCBuildConfiguration;
			baseConfigurationReference = 9B17762637AB78BE7E8C29B6 /* Pods-AppStoreSearch.debug.xcconfig */;
			buildSettings = {
				ASSETCATALOG_COMPILER_APPICON_NAME = AppIcon;
				CLANG_ENABLE_MODULES = YES;
				CODE_SIGN_STYLE = Automatic;
				DEVELOPMENT_TEAM = 9P5QVDV7V7;
				INFOPLIST_FILE = AppStoreSearch/Info.plist;
				IPHONEOS_DEPLOYMENT_TARGET = 13.0;
				LD_RUNPATH_SEARCH_PATHS = (
					"$(inherited)",
					"@executable_path/Frameworks",
				);
				PRODUCT_BUNDLE_IDENTIFIER = kr.co.AppStoreSearch;
				PRODUCT_NAME = "$(TARGET_NAME)";
				SWIFT_OBJC_BRIDGING_HEADER = "AppStoreSearch/AppStoreSearch-Bridging-Header.h";
				SWIFT_OPTIMIZATION_LEVEL = "-Onone";
				SWIFT_VERSION = 5.0;
				TARGETED_DEVICE_FAMILY = "1,2";
			};
			name = Debug;
		};
		D31DCAEF2511FE73006DA08E /* Release */ = {
			isa = XCBuildConfiguration;
			baseConfigurationReference = 5714AAAD1589F4E34A5FCDCE /* Pods-AppStoreSearch.release.xcconfig */;
			buildSettings = {
				ASSETCATALOG_COMPILER_APPICON_NAME = AppIcon;
				CLANG_ENABLE_MODULES = YES;
				CODE_SIGN_STYLE = Automatic;
				DEVELOPMENT_TEAM = 9P5QVDV7V7;
				INFOPLIST_FILE = AppStoreSearch/Info.plist;
				IPHONEOS_DEPLOYMENT_TARGET = 13.0;
				LD_RUNPATH_SEARCH_PATHS = (
					"$(inherited)",
					"@executable_path/Frameworks",
				);
				PRODUCT_BUNDLE_IDENTIFIER = kr.co.AppStoreSearch;
				PRODUCT_NAME = "$(TARGET_NAME)";
				SWIFT_OBJC_BRIDGING_HEADER = "AppStoreSearch/AppStoreSearch-Bridging-Header.h";
				SWIFT_VERSION = 5.0;
				TARGETED_DEVICE_FAMILY = "1,2";
			};
			name = Release;
		};
/* End XCBuildConfiguration section */

/* Begin XCConfigurationList section */
		D31DCAD42511FE71006DA08E /* Build configuration list for PBXProject "AppStoreSearch" */ = {
			isa = XCConfigurationList;
			buildConfigurations = (
				D31DCAEB2511FE73006DA08E /* Debug */,
				D31DCAEC2511FE73006DA08E /* Release */,
			);
			defaultConfigurationIsVisible = 0;
			defaultConfigurationName = Release;
		};
		D31DCAED2511FE73006DA08E /* Build configuration list for PBXNativeTarget "AppStoreSearch" */ = {
			isa = XCConfigurationList;
			buildConfigurations = (
				D31DCAEE2511FE73006DA08E /* Debug */,
				D31DCAEF2511FE73006DA08E /* Release */,
			);
			defaultConfigurationIsVisible = 0;
			defaultConfigurationName = Release;
		};
/* End XCConfigurationList section */
	};
	rootObject = D31DCAD12511FE71006DA08E /* Project object */;
}
